
Microsoft Visual Studio Solution File, Format Version 12.00
# Visual Studio Version 16
VisualStudioVersion = 16.0.30907.101
MinimumVisualStudioVersion = 10.0.40219.1
Project("{FAE04EC0-301F-11D3-BF4B-00C04F79EFBC}") = "WindowsFormsApp1", "WindowsFormsApp1\WindowsFormsApp1.csproj", "{C1C63011-D6FA-4E9F-8A3A-5A3BDBD9FA9D}"
EndProject
Global
	GlobalSection(SolutionConfigurationPlatforms) = preSolution
		Debug|Any CPU = Debug|Any CPU
		Release|Any CPU = Release|Any CPU
	EndGlobalSection
	GlobalSection(ProjectConfigurationPlatforms) = postSolution
		{C1C63011-D6FA-4E9F-8A3A-5A3BDBD9FA9D}.Debug|Any CPU.ActiveCfg = Debug|Any CPU
		{C1C63011-D6FA-4E9F-8A3A-5A3BDBD9FA9D}.Debug|Any CPU.Build.0 = Debug|Any CPU
		{C1C63011-D6FA-4E9F-8A3A-5A3BDBD9FA9D}.Release|Any CPU.ActiveCfg = Release|Any CPU
		{C1C63011-D6FA-4E9F-8A3A-5A3BDBD9FA9D}.Release|Any CPU.Build.0 = Release|Any CPU
	EndGlobalSection
	GlobalSection(SolutionProperties) = preSolution
		HideSolutionNode = FALSE
	EndGlobalSection
	GlobalSection(ExtensibilityGlobals) = postSolution
		SolutionGuid = {88941928-0D54-4AA8-840E-3D7D113365ED}
	EndGlobalSection
EndGlobal
